
Microsoft Visual Studio Solution File, Format Version 12.00
# Visual Studio Version 16
VisualStudioVersion = 16.0.29911.84
MinimumVisualStudioVersion = 10.0.40219.1
Project("{FAE04EC0-301F-11D3-BF4B-00C04F79EFBC}") = "NuLog.Tests", "NuLog.Tests\NuLog.Tests.csproj", "{ED0E44F6-7945-4B80-BD29-168065AD01D5}"
EndProject
Project("{FAE04EC0-301F-11D3-BF4B-00C04F79EFBC}") = "NuLog.CLI.PerfTune", "NuLog.CLI.PerfTune\NuLog.CLI.PerfTune.csproj", "{40A62D51-DE30-4C8A-BD5F-157189E0C8B5}"
EndProject
Project("{FAE04EC0-301F-11D3-BF4B-00C04F79EFBC}") = "NuLogSnippets", "NuLogSnippets\NuLogSnippets.csproj", "{20CE24C2-B082-4E01-9AC7-8BC9CA044532}"
EndProject
Project("{2150E333-8FDC-42A3-9474-1A3956D46DE8}") = "Build Assets", "Build Assets", "{52C6572A-BFEA-45F5-9897-1FB4B89C07DD}"
	ProjectSection(SolutionItems) = preProject
		AppVeyor.proj = AppVeyor.proj
		NuLog.NetFramework.nuspec = NuLog.NetFramework.nuspec
		NuLog.nuspec = NuLog.nuspec
	EndProjectSection
EndProject
Project("{FAE04EC0-301F-11D3-BF4B-00C04F79EFBC}") = "NuLog.CLI.Benchmarking", "NuLog.CLI.Benchmarking\NuLog.CLI.Benchmarking.csproj", "{C4C56EC4-0EDC-4DDF-879E-E96251C3BACF}"
EndProject
Project("{FAE04EC0-301F-11D3-BF4B-00C04F79EFBC}") = "NuLog.CLI.Benchmarking.Log4Net", "NuLog.CLI.Benchmarking.Log4Net\NuLog.CLI.Benchmarking.Log4Net.csproj", "{A17D31E5-58BC-4714-9F6E-ABE0FA7EEEFD}"
EndProject
Project("{FAE04EC0-301F-11D3-BF4B-00C04F79EFBC}") = "NuLog.CLI.Benchmarking.NLog", "NuLog.CLI.Benchmarking.NLog\NuLog.CLI.Benchmarking.NLog.csproj", "{1C544723-B43F-4101-AC63-C0AA95B94598}"
EndProject
Project("{9A19103F-16F7-4668-BE54-9A1E7A4F7556}") = "NuLog", "NuLog\NuLog.csproj", "{9A062F61-209B-4EF0-8FE2-E9520AADF8CC}"
EndProject
Project("{FAE04EC0-301F-11D3-BF4B-00C04F79EFBC}") = "NuLog.NetFramework", "NuLog.NetFramework\NuLog.NetFramework.csproj", "{24EFFDB9-FA40-41D1-885E-911B2886A27A}"
EndProject
Project("{9A19103F-16F7-4668-BE54-9A1E7A4F7556}") = "NuLog.NetCore", "NuLog.NetCore\NuLog.NetCore.csproj", "{0BF853DC-7708-4F35-BC58-014D9E396F07}"
EndProject
Project("{FAE04EC0-301F-11D3-BF4B-00C04F79EFBC}") = "NuLog.NetFramework.Tests", "NuLog.NetFramework.Tests\NuLog.NetFramework.Tests.csproj", "{00ED43A3-E965-464D-8528-311F876CE9B2}"
EndProject
Project("{FAE04EC0-301F-11D3-BF4B-00C04F79EFBC}") = "NuLog.NetCore.Tests", "NuLog.NetCore.Tests\NuLog.NetCore.Tests.csproj", "{6C81EEE0-902D-424A-8E64-7F3A45E3FEA7}"
EndProject
Global
	GlobalSection(SolutionConfigurationPlatforms) = preSolution
		Debug|Any CPU = Debug|Any CPU
		Release|Any CPU = Release|Any CPU
		Release-3.5|Any CPU = Release-3.5|Any CPU
		Release-4.5.2|Any CPU = Release-4.5.2|Any CPU
		Release-4|Any CPU = Release-4|Any CPU
	EndGlobalSection
	GlobalSection(ProjectConfigurationPlatforms) = postSolution
		{ED0E44F6-7945-4B80-BD29-168065AD01D5}.Debug|Any CPU.ActiveCfg = Debug|Any CPU
		{ED0E44F6-7945-4B80-BD29-168065AD01D5}.Debug|Any CPU.Build.0 = Debug|Any CPU
		{ED0E44F6-7945-4B80-BD29-168065AD01D5}.Release|Any CPU.ActiveCfg = Release|Any CPU
		{ED0E44F6-7945-4B80-BD29-168065AD01D5}.Release|Any CPU.Build.0 = Release|Any CPU
		{ED0E44F6-7945-4B80-BD29-168065AD01D5}.Release-3.5|Any CPU.ActiveCfg = Release-3.5|Any CPU
		{ED0E44F6-7945-4B80-BD29-168065AD01D5}.Release-3.5|Any CPU.Build.0 = Release-3.5|Any CPU
		{ED0E44F6-7945-4B80-BD29-168065AD01D5}.Release-4.5.2|Any CPU.ActiveCfg = Release-4.5.2|Any CPU
		{ED0E44F6-7945-4B80-BD29-168065AD01D5}.Release-4.5.2|Any CPU.Build.0 = Release-4.5.2|Any CPU
		{ED0E44F6-7945-4B80-BD29-168065AD01D5}.Release-4|Any CPU.ActiveCfg = Release-4|Any CPU
		{ED0E44F6-7945-4B80-BD29-168065AD01D5}.Release-4|Any CPU.Build.0 = Release-4|Any CPU
		{40A62D51-DE30-4C8A-BD5F-157189E0C8B5}.Debug|Any CPU.ActiveCfg = Debug|Any CPU
		{40A62D51-DE30-4C8A-BD5F-157189E0C8B5}.Debug|Any CPU.Build.0 = Debug|Any CPU
		{40A62D51-DE30-4C8A-BD5F-157189E0C8B5}.Release|Any CPU.ActiveCfg = Release|Any CPU
		{40A62D51-DE30-4C8A-BD5F-157189E0C8B5}.Release|Any CPU.Build.0 = Release|Any CPU
		{40A62D51-DE30-4C8A-BD5F-157189E0C8B5}.Release-3.5|Any CPU.ActiveCfg = Release-3.5|Any CPU
		{40A62D51-DE30-4C8A-BD5F-157189E0C8B5}.Release-3.5|Any CPU.Build.0 = Release-3.5|Any CPU
		{40A62D51-DE30-4C8A-BD5F-157189E0C8B5}.Release-4.5.2|Any CPU.ActiveCfg = Release-4.5.2|Any CPU
		{40A62D51-DE30-4C8A-BD5F-157189E0C8B5}.Release-4.5.2|Any CPU.Build.0 = Release-4.5.2|Any CPU
		{40A62D51-DE30-4C8A-BD5F-157189E0C8B5}.Release-4|Any CPU.ActiveCfg = Release-4|Any CPU
		{40A62D51-DE30-4C8A-BD5F-157189E0C8B5}.Release-4|Any CPU.Build.0 = Release-4|Any CPU
		{20CE24C2-B082-4E01-9AC7-8BC9CA044532}.Debug|Any CPU.ActiveCfg = Debug|Any CPU
		{20CE24C2-B082-4E01-9AC7-8BC9CA044532}.Debug|Any CPU.Build.0 = Debug|Any CPU
		{20CE24C2-B082-4E01-9AC7-8BC9CA044532}.Release|Any CPU.ActiveCfg = Release|Any CPU
		{20CE24C2-B082-4E01-9AC7-8BC9CA044532}.Release|Any CPU.Build.0 = Release|Any CPU
		{20CE24C2-B082-4E01-9AC7-8BC9CA044532}.Release-3.5|Any CPU.ActiveCfg = Release|Any CPU
		{20CE24C2-B082-4E01-9AC7-8BC9CA044532}.Release-3.5|Any CPU.Build.0 = Release|Any CPU
		{20CE24C2-B082-4E01-9AC7-8BC9CA044532}.Release-4.5.2|Any CPU.ActiveCfg = Release|Any CPU
		{20CE24C2-B082-4E01-9AC7-8BC9CA044532}.Release-4.5.2|Any CPU.Build.0 = Release|Any CPU
		{20CE24C2-B082-4E01-9AC7-8BC9CA044532}.Release-4|Any CPU.ActiveCfg = Release|Any CPU
		{20CE24C2-B082-4E01-9AC7-8BC9CA044532}.Release-4|Any CPU.Build.0 = Release|Any CPU
		{C4C56EC4-0EDC-4DDF-879E-E96251C3BACF}.Debug|Any CPU.ActiveCfg = Debug|Any CPU
		{C4C56EC4-0EDC-4DDF-879E-E96251C3BACF}.Debug|Any CPU.Build.0 = Debug|Any CPU
		{C4C56EC4-0EDC-4DDF-879E-E96251C3BACF}.Release|Any CPU.ActiveCfg = Release|Any CPU
		{C4C56EC4-0EDC-4DDF-879E-E96251C3BACF}.Release|Any CPU.Build.0 = Release|Any CPU
		{C4C56EC4-0EDC-4DDF-879E-E96251C3BACF}.Release-3.5|Any CPU.ActiveCfg = Release|Any CPU
		{C4C56EC4-0EDC-4DDF-879E-E96251C3BACF}.Release-3.5|Any CPU.Build.0 = Release|Any CPU
		{C4C56EC4-0EDC-4DDF-879E-E96251C3BACF}.Release-4.5.2|Any CPU.ActiveCfg = Release|Any CPU
		{C4C56EC4-0EDC-4DDF-879E-E96251C3BACF}.Release-4.5.2|Any CPU.Build.0 = Release|Any CPU
		{C4C56EC4-0EDC-4DDF-879E-E96251C3BACF}.Release-4|Any CPU.ActiveCfg = Release|Any CPU
		{C4C56EC4-0EDC-4DDF-879E-E96251C3BACF}.Release-4|Any CPU.Build.0 = Release|Any CPU
		{A17D31E5-58BC-4714-9F6E-ABE0FA7EEEFD}.Debug|Any CPU.ActiveCfg = Debug|Any CPU
		{A17D31E5-58BC-4714-9F6E-ABE0FA7EEEFD}.Debug|Any CPU.Build.0 = Debug|Any CPU
		{A17D31E5-58BC-4714-9F6E-ABE0FA7EEEFD}.Release|Any CPU.ActiveCfg = Release|Any CPU
		{A17D31E5-58BC-4714-9F6E-ABE0FA7EEEFD}.Release|Any CPU.Build.0 = Release|Any CPU
		{A17D31E5-58BC-4714-9F6E-ABE0FA7EEEFD}.Release-3.5|Any CPU.ActiveCfg = Release|Any CPU
		{A17D31E5-58BC-4714-9F6E-ABE0FA7EEEFD}.Release-3.5|Any CPU.Build.0 = Release|Any CPU
		{A17D31E5-58BC-4714-9F6E-ABE0FA7EEEFD}.Release-4.5.2|Any CPU.ActiveCfg = Release|Any CPU
		{A17D31E5-58BC-4714-9F6E-ABE0FA7EEEFD}.Release-4.5.2|Any CPU.Build.0 = Release|Any CPU
		{A17D31E5-58BC-4714-9F6E-ABE0FA7EEEFD}.Release-4|Any CPU.ActiveCfg = Release|Any CPU
		{A17D31E5-58BC-4714-9F6E-ABE0FA7EEEFD}.Release-4|Any CPU.Build.0 = Release|Any CPU
		{1C544723-B43F-4101-AC63-C0AA95B94598}.Debug|Any CPU.ActiveCfg = Debug|Any CPU
		{1C544723-B43F-4101-AC63-C0AA95B94598}.Debug|Any CPU.Build.0 = Debug|Any CPU
		{1C544723-B43F-4101-AC63-C0AA95B94598}.Release|Any CPU.ActiveCfg = Release|Any CPU
		{1C544723-B43F-4101-AC63-C0AA95B94598}.Release|Any CPU.Build.0 = Release|Any CPU
		{1C544723-B43F-4101-AC63-C0AA95B94598}.Release-3.5|Any CPU.ActiveCfg = Release|Any CPU
		{1C544723-B43F-4101-AC63-C0AA95B94598}.Release-3.5|Any CPU.Build.0 = Release|Any CPU
		{1C544723-B43F-4101-AC63-C0AA95B94598}.Release-4.5.2|Any CPU.ActiveCfg = Release|Any CPU
		{1C544723-B43F-4101-AC63-C0AA95B94598}.Release-4.5.2|Any CPU.Build.0 = Release|Any CPU
		{1C544723-B43F-4101-AC63-C0AA95B94598}.Release-4|Any CPU.ActiveCfg = Release|Any CPU
		{1C544723-B43F-4101-AC63-C0AA95B94598}.Release-4|Any CPU.Build.0 = Release|Any CPU
		{9A062F61-209B-4EF0-8FE2-E9520AADF8CC}.Debug|Any CPU.ActiveCfg = Debug|Any CPU
		{9A062F61-209B-4EF0-8FE2-E9520AADF8CC}.Debug|Any CPU.Build.0 = Debug|Any CPU
		{9A062F61-209B-4EF0-8FE2-E9520AADF8CC}.Release|Any CPU.ActiveCfg = Release|Any CPU
		{9A062F61-209B-4EF0-8FE2-E9520AADF8CC}.Release|Any CPU.Build.0 = Release|Any CPU
		{9A062F61-209B-4EF0-8FE2-E9520AADF8CC}.Release-3.5|Any CPU.ActiveCfg = Release|Any CPU
		{9A062F61-209B-4EF0-8FE2-E9520AADF8CC}.Release-3.5|Any CPU.Build.0 = Release|Any CPU
		{9A062F61-209B-4EF0-8FE2-E9520AADF8CC}.Release-4.5.2|Any CPU.ActiveCfg = Release|Any CPU
		{9A062F61-209B-4EF0-8FE2-E9520AADF8CC}.Release-4.5.2|Any CPU.Build.0 = Release|Any CPU
		{9A062F61-209B-4EF0-8FE2-E9520AADF8CC}.Release-4|Any CPU.ActiveCfg = Release|Any CPU
		{9A062F61-209B-4EF0-8FE2-E9520AADF8CC}.Release-4|Any CPU.Build.0 = Release|Any CPU
		{24EFFDB9-FA40-41D1-885E-911B2886A27A}.Debug|Any CPU.ActiveCfg = Debug|Any CPU
		{24EFFDB9-FA40-41D1-885E-911B2886A27A}.Debug|Any CPU.Build.0 = Debug|Any CPU
		{24EFFDB9-FA40-41D1-885E-911B2886A27A}.Release|Any CPU.ActiveCfg = Release|Any CPU
		{24EFFDB9-FA40-41D1-885E-911B2886A27A}.Release|Any CPU.Build.0 = Release|Any CPU
		{24EFFDB9-FA40-41D1-885E-911B2886A27A}.Release-3.5|Any CPU.ActiveCfg = Release|Any CPU
		{24EFFDB9-FA40-41D1-885E-911B2886A27A}.Release-3.5|Any CPU.Build.0 = Release|Any CPU
		{24EFFDB9-FA40-41D1-885E-911B2886A27A}.Release-4.5.2|Any CPU.ActiveCfg = Release|Any CPU
		{24EFFDB9-FA40-41D1-885E-911B2886A27A}.Release-4.5.2|Any CPU.Build.0 = Release|Any CPU
		{24EFFDB9-FA40-41D1-885E-911B2886A27A}.Release-4|Any CPU.ActiveCfg = Release|Any CPU
		{24EFFDB9-FA40-41D1-885E-911B2886A27A}.Release-4|Any CPU.Build.0 = Release|Any CPU
		{0BF853DC-7708-4F35-BC58-014D9E396F07}.Debug|Any CPU.ActiveCfg = Debug|Any CPU
		{0BF853DC-7708-4F35-BC58-014D9E396F07}.Debug|Any CPU.Build.0 = Debug|Any CPU
		{0BF853DC-7708-4F35-BC58-014D9E396F07}.Release|Any CPU.ActiveCfg = Release|Any CPU
		{0BF853DC-7708-4F35-BC58-014D9E396F07}.Release|Any CPU.Build.0 = Release|Any CPU
		{0BF853DC-7708-4F35-BC58-014D9E396F07}.Release-3.5|Any CPU.ActiveCfg = Release|Any CPU
		{0BF853DC-7708-4F35-BC58-014D9E396F07}.Release-3.5|Any CPU.Build.0 = Release|Any CPU
		{0BF853DC-7708-4F35-BC58-014D9E396F07}.Release-4.5.2|Any CPU.ActiveCfg = Release|Any CPU
		{0BF853DC-7708-4F35-BC58-014D9E396F07}.Release-4.5.2|Any CPU.Build.0 = Release|Any CPU
		{0BF853DC-7708-4F35-BC58-014D9E396F07}.Release-4|Any CPU.ActiveCfg = Release|Any CPU
		{0BF853DC-7708-4F35-BC58-014D9E396F07}.Release-4|Any CPU.Build.0 = Release|Any CPU
		{00ED43A3-E965-464D-8528-311F876CE9B2}.Debug|Any CPU.ActiveCfg = Debug|Any CPU
		{00ED43A3-E965-464D-8528-311F876CE9B2}.Debug|Any CPU.Build.0 = Debug|Any CPU
		{00ED43A3-E965-464D-8528-311F876CE9B2}.Release|Any CPU.ActiveCfg = Release|Any CPU
		{00ED43A3-E965-464D-8528-311F876CE9B2}.Release|Any CPU.Build.0 = Release|Any CPU
		{00ED43A3-E965-464D-8528-311F876CE9B2}.Release-3.5|Any CPU.ActiveCfg = Release|Any CPU
		{00ED43A3-E965-464D-8528-311F876CE9B2}.Release-3.5|Any CPU.Build.0 = Release|Any CPU
		{00ED43A3-E965-464D-8528-311F876CE9B2}.Release-4.5.2|Any CPU.ActiveCfg = Release|Any CPU
		{00ED43A3-E965-464D-8528-311F876CE9B2}.Release-4.5.2|Any CPU.Build.0 = Release|Any CPU
		{00ED43A3-E965-464D-8528-311F876CE9B2}.Release-4|Any CPU.ActiveCfg = Release|Any CPU
		{00ED43A3-E965-464D-8528-311F876CE9B2}.Release-4|Any CPU.Build.0 = Release|Any CPU
		{6C81EEE0-902D-424A-8E64-7F3A45E3FEA7}.Debug|Any CPU.ActiveCfg = Debug|Any CPU
		{6C81EEE0-902D-424A-8E64-7F3A45E3FEA7}.Debug|Any CPU.Build.0 = Debug|Any CPU
		{6C81EEE0-902D-424A-8E64-7F3A45E3FEA7}.Release|Any CPU.ActiveCfg = Release|Any CPU
		{6C81EEE0-902D-424A-8E64-7F3A45E3FEA7}.Release|Any CPU.Build.0 = Release|Any CPU
		{6C81EEE0-902D-424A-8E64-7F3A45E3FEA7}.Release-3.5|Any CPU.ActiveCfg = Release|Any CPU
		{6C81EEE0-902D-424A-8E64-7F3A45E3FEA7}.Release-3.5|Any CPU.Build.0 = Release|Any CPU
		{6C81EEE0-902D-424A-8E64-7F3A45E3FEA7}.Release-4.5.2|Any CPU.ActiveCfg = Release|Any CPU
		{6C81EEE0-902D-424A-8E64-7F3A45E3FEA7}.Release-4.5.2|Any CPU.Build.0 = Release|Any CPU
		{6C81EEE0-902D-424A-8E64-7F3A45E3FEA7}.Release-4|Any CPU.ActiveCfg = Release|Any CPU
		{6C81EEE0-902D-424A-8E64-7F3A45E3FEA7}.Release-4|Any CPU.Build.0 = Release|Any CPU
	EndGlobalSection
	GlobalSection(SolutionProperties) = preSolution
		HideSolutionNode = FALSE
	EndGlobalSection
	GlobalSection(ExtensibilityGlobals) = postSolution
		SolutionGuid = {A20401C5-466D-4567-8427-6C6E674AD592}
	EndGlobalSection
EndGlobal
