
Microsoft Visual Studio Solution File, Format Version 12.00
# Visual Studio 14
VisualStudioVersion = 14.0.25420.1
MinimumVisualStudioVersion = 10.0.40219.1
Project("{FAE04EC0-301F-11D3-BF4B-00C04F79EFBC}") = "NuLog", "NuLog\NuLog.csproj", "{100467BE-E1B1-4D5A-A40B-CA633015EC42}"
EndProject
Project("{FAE04EC0-301F-11D3-BF4B-00C04F79EFBC}") = "NuLog.Tests", "NuLog.Tests\NuLog.Tests.csproj", "{ED0E44F6-7945-4B80-BD29-168065AD01D5}"
EndProject
Project("{FAE04EC0-301F-11D3-BF4B-00C04F79EFBC}") = "NuLog.CLI.PerfTune", "NuLog.CLI.PerfTune\NuLog.CLI.PerfTune.csproj", "{40A62D51-DE30-4C8A-BD5F-157189E0C8B5}"
EndProject
Project("{2150E333-8FDC-42A3-9474-1A3956D46DE8}") = "NuGet", "NuGet", "{7F39E91A-4770-41EC-AF98-D641C96A0933}"
	ProjectSection(SolutionItems) = preProject
		NuGet\NuLog.nuspec = NuGet\NuLog.nuspec
	EndProjectSection
EndProject
Project("{FAE04EC0-301F-11D3-BF4B-00C04F79EFBC}") = "NuLogSnippets", "NuLogSnippets\NuLogSnippets.csproj", "{20CE24C2-B082-4E01-9AC7-8BC9CA044532}"
EndProject
Project("{2150E333-8FDC-42A3-9474-1A3956D46DE8}") = "NuLog.Configuration", "NuLog.Configuration", "{31DA7066-7937-4031-B5A7-8D9E955381A5}"
	ProjectSection(SolutionItems) = preProject
		NuGet\NuLog.Configuration\app.config.transform = NuGet\NuLog.Configuration\app.config.transform
		NuGet\NuLog.Configuration\NuLog.Configuration.nuspec = NuGet\NuLog.Configuration\NuLog.Configuration.nuspec
		NuGet\NuLog.Configuration\web.config.transform = NuGet\NuLog.Configuration\web.config.transform
	EndProjectSection
EndProject
Project("{2150E333-8FDC-42A3-9474-1A3956D46DE8}") = "AppVeyor", "AppVeyor", "{52C6572A-BFEA-45F5-9897-1FB4B89C07DD}"
	ProjectSection(SolutionItems) = preProject
		AppVeyor.proj = AppVeyor.proj
	EndProjectSection
EndProject
Project("{FAE04EC0-301F-11D3-BF4B-00C04F79EFBC}") = "NuLog.CLI.Benchmarking", "NuLog.CLI.Benchmarking\NuLog.CLI.Benchmarking.csproj", "{C4C56EC4-0EDC-4DDF-879E-E96251C3BACF}"
EndProject
Project("{FAE04EC0-301F-11D3-BF4B-00C04F79EFBC}") = "NuLog.CLI.Benchmarking.Log4Net", "NuLog.CLI.Benchmarking.Log4Net\NuLog.CLI.Benchmarking.Log4Net.csproj", "{A17D31E5-58BC-4714-9F6E-ABE0FA7EEEFD}"
EndProject
Project("{FAE04EC0-301F-11D3-BF4B-00C04F79EFBC}") = "NuLog.CLI.Benchmarking.NLog", "NuLog.CLI.Benchmarking.NLog\NuLog.CLI.Benchmarking.NLog.csproj", "{1C544723-B43F-4101-AC63-C0AA95B94598}"
EndProject
Global
	GlobalSection(SolutionConfigurationPlatforms) = preSolution
		Debug|Any CPU = Debug|Any CPU
		Release|Any CPU = Release|Any CPU
		Release-3.5|Any CPU = Release-3.5|Any CPU
		Release-4.5.2|Any CPU = Release-4.5.2|Any CPU
		Release-4|Any CPU = Release-4|Any CPU
	EndGlobalSection
	GlobalSection(ProjectConfigurationPlatforms) = postSolution
		{100467BE-E1B1-4D5A-A40B-CA633015EC42}.Debug|Any CPU.ActiveCfg = Debug|Any CPU
		{100467BE-E1B1-4D5A-A40B-CA633015EC42}.Debug|Any CPU.Build.0 = Debug|Any CPU
		{100467BE-E1B1-4D5A-A40B-CA633015EC42}.Release|Any CPU.ActiveCfg = Release|Any CPU
		{100467BE-E1B1-4D5A-A40B-CA633015EC42}.Release|Any CPU.Build.0 = Release|Any CPU
		{100467BE-E1B1-4D5A-A40B-CA633015EC42}.Release-3.5|Any CPU.ActiveCfg = Release-3.5|Any CPU
		{100467BE-E1B1-4D5A-A40B-CA633015EC42}.Release-3.5|Any CPU.Build.0 = Release-3.5|Any CPU
		{100467BE-E1B1-4D5A-A40B-CA633015EC42}.Release-4.5.2|Any CPU.ActiveCfg = Release-4.5.2|Any CPU
		{100467BE-E1B1-4D5A-A40B-CA633015EC42}.Release-4.5.2|Any CPU.Build.0 = Release-4.5.2|Any CPU
		{100467BE-E1B1-4D5A-A40B-CA633015EC42}.Release-4|Any CPU.ActiveCfg = Release-4|Any CPU
		{100467BE-E1B1-4D5A-A40B-CA633015EC42}.Release-4|Any CPU.Build.0 = Release-4|Any CPU
		{ED0E44F6-7945-4B80-BD29-168065AD01D5}.Debug|Any CPU.ActiveCfg = Debug|Any CPU
		{ED0E44F6-7945-4B80-BD29-168065AD01D5}.Debug|Any CPU.Build.0 = Debug|Any CPU
		{ED0E44F6-7945-4B80-BD29-168065AD01D5}.Release|Any CPU.ActiveCfg = Release|Any CPU
		{ED0E44F6-7945-4B80-BD29-168065AD01D5}.Release|Any CPU.Build.0 = Release|Any CPU
		{ED0E44F6-7945-4B80-BD29-168065AD01D5}.Release-3.5|Any CPU.ActiveCfg = Release-3.5|Any CPU
		{ED0E44F6-7945-4B80-BD29-168065AD01D5}.Release-3.5|Any CPU.Build.0 = Release-3.5|Any CPU
		{ED0E44F6-7945-4B80-BD29-168065AD01D5}.Release-4.5.2|Any CPU.ActiveCfg = Release-4.5.2|Any CPU
		{ED0E44F6-7945-4B80-BD29-168065AD01D5}.Release-4.5.2|Any CPU.Build.0 = Release-4.5.2|Any CPU
		{ED0E44F6-7945-4B80-BD29-168065AD01D5}.Release-4|Any CPU.ActiveCfg = Release-4|Any CPU
		{ED0E44F6-7945-4B80-BD29-168065AD01D5}.Release-4|Any CPU.Build.0 = Release-4|Any CPU
		{40A62D51-DE30-4C8A-BD5F-157189E0C8B5}.Debug|Any CPU.ActiveCfg = Debug|Any CPU
		{40A62D51-DE30-4C8A-BD5F-157189E0C8B5}.Debug|Any CPU.Build.0 = Debug|Any CPU
		{40A62D51-DE30-4C8A-BD5F-157189E0C8B5}.Release|Any CPU.ActiveCfg = Release|Any CPU
		{40A62D51-DE30-4C8A-BD5F-157189E0C8B5}.Release|Any CPU.Build.0 = Release|Any CPU
		{40A62D51-DE30-4C8A-BD5F-157189E0C8B5}.Release-3.5|Any CPU.ActiveCfg = Release-3.5|Any CPU
		{40A62D51-DE30-4C8A-BD5F-157189E0C8B5}.Release-3.5|Any CPU.Build.0 = Release-3.5|Any CPU
		{40A62D51-DE30-4C8A-BD5F-157189E0C8B5}.Release-4.5.2|Any CPU.ActiveCfg = Release-4.5.2|Any CPU
		{40A62D51-DE30-4C8A-BD5F-157189E0C8B5}.Release-4.5.2|Any CPU.Build.0 = Release-4.5.2|Any CPU
		{40A62D51-DE30-4C8A-BD5F-157189E0C8B5}.Release-4|Any CPU.ActiveCfg = Release-4|Any CPU
		{40A62D51-DE30-4C8A-BD5F-157189E0C8B5}.Release-4|Any CPU.Build.0 = Release-4|Any CPU
		{20CE24C2-B082-4E01-9AC7-8BC9CA044532}.Debug|Any CPU.ActiveCfg = Debug|Any CPU
		{20CE24C2-B082-4E01-9AC7-8BC9CA044532}.Debug|Any CPU.Build.0 = Debug|Any CPU
		{20CE24C2-B082-4E01-9AC7-8BC9CA044532}.Release|Any CPU.ActiveCfg = Release|Any CPU
		{20CE24C2-B082-4E01-9AC7-8BC9CA044532}.Release|Any CPU.Build.0 = Release|Any CPU
		{20CE24C2-B082-4E01-9AC7-8BC9CA044532}.Release-3.5|Any CPU.ActiveCfg = Release|Any CPU
		{20CE24C2-B082-4E01-9AC7-8BC9CA044532}.Release-3.5|Any CPU.Build.0 = Release|Any CPU
		{20CE24C2-B082-4E01-9AC7-8BC9CA044532}.Release-4.5.2|Any CPU.ActiveCfg = Release|Any CPU
		{20CE24C2-B082-4E01-9AC7-8BC9CA044532}.Release-4.5.2|Any CPU.Build.0 = Release|Any CPU
		{20CE24C2-B082-4E01-9AC7-8BC9CA044532}.Release-4|Any CPU.ActiveCfg = Release|Any CPU
		{20CE24C2-B082-4E01-9AC7-8BC9CA044532}.Release-4|Any CPU.Build.0 = Release|Any CPU
		{C4C56EC4-0EDC-4DDF-879E-E96251C3BACF}.Debug|Any CPU.ActiveCfg = Debug|Any CPU
		{C4C56EC4-0EDC-4DDF-879E-E96251C3BACF}.Debug|Any CPU.Build.0 = Debug|Any CPU
		{C4C56EC4-0EDC-4DDF-879E-E96251C3BACF}.Release|Any CPU.ActiveCfg = Release|Any CPU
		{C4C56EC4-0EDC-4DDF-879E-E96251C3BACF}.Release|Any CPU.Build.0 = Release|Any CPU
		{C4C56EC4-0EDC-4DDF-879E-E96251C3BACF}.Release-3.5|Any CPU.ActiveCfg = Release|Any CPU
		{C4C56EC4-0EDC-4DDF-879E-E96251C3BACF}.Release-3.5|Any CPU.Build.0 = Release|Any CPU
		{C4C56EC4-0EDC-4DDF-879E-E96251C3BACF}.Release-4.5.2|Any CPU.ActiveCfg = Release|Any CPU
		{C4C56EC4-0EDC-4DDF-879E-E96251C3BACF}.Release-4.5.2|Any CPU.Build.0 = Release|Any CPU
		{C4C56EC4-0EDC-4DDF-879E-E96251C3BACF}.Release-4|Any CPU.ActiveCfg = Release|Any CPU
		{C4C56EC4-0EDC-4DDF-879E-E96251C3BACF}.Release-4|Any CPU.Build.0 = Release|Any CPU
		{A17D31E5-58BC-4714-9F6E-ABE0FA7EEEFD}.Debug|Any CPU.ActiveCfg = Debug|Any CPU
		{A17D31E5-58BC-4714-9F6E-ABE0FA7EEEFD}.Debug|Any CPU.Build.0 = Debug|Any CPU
		{A17D31E5-58BC-4714-9F6E-ABE0FA7EEEFD}.Release|Any CPU.ActiveCfg = Release|Any CPU
		{A17D31E5-58BC-4714-9F6E-ABE0FA7EEEFD}.Release|Any CPU.Build.0 = Release|Any CPU
		{A17D31E5-58BC-4714-9F6E-ABE0FA7EEEFD}.Release-3.5|Any CPU.ActiveCfg = Release|Any CPU
		{A17D31E5-58BC-4714-9F6E-ABE0FA7EEEFD}.Release-3.5|Any CPU.Build.0 = Release|Any CPU
		{A17D31E5-58BC-4714-9F6E-ABE0FA7EEEFD}.Release-4.5.2|Any CPU.ActiveCfg = Release|Any CPU
		{A17D31E5-58BC-4714-9F6E-ABE0FA7EEEFD}.Release-4.5.2|Any CPU.Build.0 = Release|Any CPU
		{A17D31E5-58BC-4714-9F6E-ABE0FA7EEEFD}.Release-4|Any CPU.ActiveCfg = Release|Any CPU
		{A17D31E5-58BC-4714-9F6E-ABE0FA7EEEFD}.Release-4|Any CPU.Build.0 = Release|Any CPU
		{1C544723-B43F-4101-AC63-C0AA95B94598}.Debug|Any CPU.ActiveCfg = Debug|Any CPU
		{1C544723-B43F-4101-AC63-C0AA95B94598}.Debug|Any CPU.Build.0 = Debug|Any CPU
		{1C544723-B43F-4101-AC63-C0AA95B94598}.Release|Any CPU.ActiveCfg = Release|Any CPU
		{1C544723-B43F-4101-AC63-C0AA95B94598}.Release|Any CPU.Build.0 = Release|Any CPU
		{1C544723-B43F-4101-AC63-C0AA95B94598}.Release-3.5|Any CPU.ActiveCfg = Release|Any CPU
		{1C544723-B43F-4101-AC63-C0AA95B94598}.Release-3.5|Any CPU.Build.0 = Release|Any CPU
		{1C544723-B43F-4101-AC63-C0AA95B94598}.Release-4.5.2|Any CPU.ActiveCfg = Release|Any CPU
		{1C544723-B43F-4101-AC63-C0AA95B94598}.Release-4.5.2|Any CPU.Build.0 = Release|Any CPU
		{1C544723-B43F-4101-AC63-C0AA95B94598}.Release-4|Any CPU.ActiveCfg = Release|Any CPU
		{1C544723-B43F-4101-AC63-C0AA95B94598}.Release-4|Any CPU.Build.0 = Release|Any CPU
	EndGlobalSection
	GlobalSection(SolutionProperties) = preSolution
		HideSolutionNode = FALSE
	EndGlobalSection
	GlobalSection(NestedProjects) = preSolution
		{31DA7066-7937-4031-B5A7-8D9E955381A5} = {7F39E91A-4770-41EC-AF98-D641C96A0933}
	EndGlobalSection
EndGlobal
