
Microsoft Visual Studio Solution File, Format Version 12.00
# Visual Studio 2013
VisualStudioVersion = 12.0.30723.0
MinimumVisualStudioVersion = 10.0.40219.1
Project("{FAE04EC0-301F-11D3-BF4B-00C04F79EFBC}") = "NuLog", "NuLog\NuLog.csproj", "{4390FDE4-942C-4A64-AE05-899F60F6B5E5}"
EndProject
Project("{FAE04EC0-301F-11D3-BF4B-00C04F79EFBC}") = "NuLog.Test", "NuLog.Test\NuLog.Test.csproj", "{F7A5E403-30AE-40E3-AFF1-D81083239475}"
EndProject
Project("{FAE04EC0-301F-11D3-BF4B-00C04F79EFBC}") = "NuLog.Legacy", "NuLog.Legacy\NuLog.Legacy.csproj", "{ACE77CC8-B7A8-42A9-A8AA-8A238B5CDA73}"
EndProject
Project("{FAE04EC0-301F-11D3-BF4B-00C04F79EFBC}") = "NuLog.ConsoleTest", "NuLog.ConsoleTest\NuLog.ConsoleTest.csproj", "{5A75F592-EC12-47BE-A299-FABD8EF3BE6E}"
EndProject
Project("{FAE04EC0-301F-11D3-BF4B-00C04F79EFBC}") = "NuLog.Samples", "NuLog.Samples\NuLog.Samples.csproj", "{DE9BD83F-7B17-4232-BB0E-9ABECD9985C7}"
EndProject
Project("{FAE04EC0-301F-11D3-BF4B-00C04F79EFBC}") = "NuLog.MVC", "NuLog.MVC\NuLog.MVC.csproj", "{72DA8BFA-0B69-4BCA-BAA3-88D584C69925}"
EndProject
Project("{FAE04EC0-301F-11D3-BF4B-00C04F79EFBC}") = "NuLog.SamplesLib", "NuLog.SamplesLib\NuLog.SamplesLib.csproj", "{90D6C611-525C-47F4-911E-1953A4A2257D}"
EndProject
Global
	GlobalSection(SolutionConfigurationPlatforms) = preSolution
		Debug|Any CPU = Debug|Any CPU
		Release|Any CPU = Release|Any CPU
	EndGlobalSection
	GlobalSection(ProjectConfigurationPlatforms) = postSolution
		{4390FDE4-942C-4A64-AE05-899F60F6B5E5}.Debug|Any CPU.ActiveCfg = Debug|Any CPU
		{4390FDE4-942C-4A64-AE05-899F60F6B5E5}.Debug|Any CPU.Build.0 = Debug|Any CPU
		{4390FDE4-942C-4A64-AE05-899F60F6B5E5}.Release|Any CPU.ActiveCfg = Release|Any CPU
		{4390FDE4-942C-4A64-AE05-899F60F6B5E5}.Release|Any CPU.Build.0 = Release|Any CPU
		{F7A5E403-30AE-40E3-AFF1-D81083239475}.Debug|Any CPU.ActiveCfg = Debug|Any CPU
		{F7A5E403-30AE-40E3-AFF1-D81083239475}.Debug|Any CPU.Build.0 = Debug|Any CPU
		{F7A5E403-30AE-40E3-AFF1-D81083239475}.Release|Any CPU.ActiveCfg = Release|Any CPU
		{F7A5E403-30AE-40E3-AFF1-D81083239475}.Release|Any CPU.Build.0 = Release|Any CPU
		{ACE77CC8-B7A8-42A9-A8AA-8A238B5CDA73}.Debug|Any CPU.ActiveCfg = Debug|Any CPU
		{ACE77CC8-B7A8-42A9-A8AA-8A238B5CDA73}.Debug|Any CPU.Build.0 = Debug|Any CPU
		{ACE77CC8-B7A8-42A9-A8AA-8A238B5CDA73}.Release|Any CPU.ActiveCfg = Release|Any CPU
		{ACE77CC8-B7A8-42A9-A8AA-8A238B5CDA73}.Release|Any CPU.Build.0 = Release|Any CPU
		{5A75F592-EC12-47BE-A299-FABD8EF3BE6E}.Debug|Any CPU.ActiveCfg = Debug|Any CPU
		{5A75F592-EC12-47BE-A299-FABD8EF3BE6E}.Debug|Any CPU.Build.0 = Debug|Any CPU
		{5A75F592-EC12-47BE-A299-FABD8EF3BE6E}.Release|Any CPU.ActiveCfg = Release|Any CPU
		{5A75F592-EC12-47BE-A299-FABD8EF3BE6E}.Release|Any CPU.Build.0 = Release|Any CPU
		{DE9BD83F-7B17-4232-BB0E-9ABECD9985C7}.Debug|Any CPU.ActiveCfg = Debug|Any CPU
		{DE9BD83F-7B17-4232-BB0E-9ABECD9985C7}.Debug|Any CPU.Build.0 = Debug|Any CPU
		{DE9BD83F-7B17-4232-BB0E-9ABECD9985C7}.Release|Any CPU.ActiveCfg = Release|Any CPU
		{DE9BD83F-7B17-4232-BB0E-9ABECD9985C7}.Release|Any CPU.Build.0 = Release|Any CPU
		{72DA8BFA-0B69-4BCA-BAA3-88D584C69925}.Debug|Any CPU.ActiveCfg = Debug|Any CPU
		{72DA8BFA-0B69-4BCA-BAA3-88D584C69925}.Debug|Any CPU.Build.0 = Debug|Any CPU
		{72DA8BFA-0B69-4BCA-BAA3-88D584C69925}.Release|Any CPU.ActiveCfg = Release|Any CPU
		{72DA8BFA-0B69-4BCA-BAA3-88D584C69925}.Release|Any CPU.Build.0 = Release|Any CPU
		{90D6C611-525C-47F4-911E-1953A4A2257D}.Debug|Any CPU.ActiveCfg = Debug|Any CPU
		{90D6C611-525C-47F4-911E-1953A4A2257D}.Debug|Any CPU.Build.0 = Debug|Any CPU
		{90D6C611-525C-47F4-911E-1953A4A2257D}.Release|Any CPU.ActiveCfg = Release|Any CPU
		{90D6C611-525C-47F4-911E-1953A4A2257D}.Release|Any CPU.Build.0 = Release|Any CPU
	EndGlobalSection
	GlobalSection(SolutionProperties) = preSolution
		HideSolutionNode = FALSE
	EndGlobalSection
EndGlobal
